Microsoft Visual Studio Solution File, Format Version 11.00
# Visual Studio 2010
Project("{8BC9CEB8-8B4A-11D0-8D11-00A0C91BC942}") = "cgame", "cgame\cgame.vcxproj", "{6142F5B2-6C8D-4B98-A6E2-562E1310E452}"
	ProjectSection(ProjectDependencies) = postProject
		{46F19D2F-1B37-4F9D-B834-2B4BEBC25382} = {46F19D2F-1B37-4F9D-B834-2B4BEBC25382}
	EndProjectSection
EndProject
Project("{8BC9CEB8-8B4A-11D0-8D11-00A0C91BC942}") = "egl", "egl.vcxproj", "{905EA8B6-28C1-4258-BC9B-158C7D8CA37B}"
	ProjectSection(ProjectDependencies) = postProject
		{F635B811-AB2E-4012-8842-5D248ADB48A3} = {F635B811-AB2E-4012-8842-5D248ADB48A3}
		{46F19D2F-1B37-4F9D-B834-2B4BEBC25382} = {46F19D2F-1B37-4F9D-B834-2B4BEBC25382}
		{A691B43C-61AA-4314-AB49-FBB5E19413EF} = {A691B43C-61AA-4314-AB49-FBB5E19413EF}
		{857A7957-8506-45B8-8DD0-A8D9D9DD2FD2} = {857A7957-8506-45B8-8DD0-A8D9D9DD2FD2}
		{000C8574-52A3-4367-A491-E9D5C871FC44} = {000C8574-52A3-4367-A491-E9D5C871FC44}
		{E6207081-A6DE-492E-A7CB-BCF42816FBD5} = {E6207081-A6DE-492E-A7CB-BCF42816FBD5}
		{6142F5B2-6C8D-4B98-A6E2-562E1310E452} = {6142F5B2-6C8D-4B98-A6E2-562E1310E452}
		{46C856FD-48A6-41CD-903D-8543497DAEDC} = {46C856FD-48A6-41CD-903D-8543497DAEDC}
	EndProjectSection
EndProject
Project("{8BC9CEB8-8B4A-11D0-8D11-00A0C91BC942}") = "game", "game\game.vcxproj", "{E6207081-A6DE-492E-A7CB-BCF42816FBD5}"
EndProject
Project("{8BC9CEB8-8B4A-11D0-8D11-00A0C91BC942}") = "eglded", "eglded.vcxproj", "{A16C8E52-33C0-4507-95BD-DBF063E86095}"
EndProject
Project("{8BC9CEB8-8B4A-11D0-8D11-00A0C91BC942}") = "shared", "shared\shared.vcxproj", "{9C8ABF66-9772-4E44-9C89-9FBCC687CE2D}"
	ProjectSection(ProjectDependencies) = postProject
		{46F19D2F-1B37-4F9D-B834-2B4BEBC25382} = {46F19D2F-1B37-4F9D-B834-2B4BEBC25382}
	EndProjectSection
EndProject
Project("{8BC9CEB8-8B4A-11D0-8D11-00A0C91BC942}") = "lua", "lua\lua.vcxproj", "{46F19D2F-1B37-4F9D-B834-2B4BEBC25382}"
EndProject
Project("{8BC9CEB8-8B4A-11D0-8D11-00A0C91BC942}") = "zlib", "zlib\zlib.vcxproj", "{A691B43C-61AA-4314-AB49-FBB5E19413EF}"
EndProject
Project("{8BC9CEB8-8B4A-11D0-8D11-00A0C91BC942}") = "libpng", "libpng\libpng.vcxproj", "{46C856FD-48A6-41CD-903D-8543497DAEDC}"
	ProjectSection(ProjectDependencies) = postProject
		{A691B43C-61AA-4314-AB49-FBB5E19413EF} = {A691B43C-61AA-4314-AB49-FBB5E19413EF}
	EndProjectSection
EndProject
Project("{8BC9CEB8-8B4A-11D0-8D11-00A0C91BC942}") = "minizip", "minizip\minizip.vcxproj", "{000C8574-52A3-4367-A491-E9D5C871FC44}"
	ProjectSection(ProjectDependencies) = postProject
		{A691B43C-61AA-4314-AB49-FBB5E19413EF} = {A691B43C-61AA-4314-AB49-FBB5E19413EF}
	EndProjectSection
EndProject
Project("{8BC9CEB8-8B4A-11D0-8D11-00A0C91BC942}") = "libjpeg", "libjpeg\libjpeg.vcxproj", "{F635B811-AB2E-4012-8842-5D248ADB48A3}"
EndProject
Project("{2150E333-8FDC-42A3-9474-1A3956D46DE8}") = "External Libs", "External Libs", "{258A772C-67E3-42CD-BB5E-1B3788400E63}"
EndProject
Project("{8BC9CEB8-8B4A-11D0-8D11-00A0C91BC942}") = "lzma", "lzma\lzma.vcxproj", "{857A7957-8506-45B8-8DD0-A8D9D9DD2FD2}"
EndProject
Global
	GlobalSection(SolutionConfigurationPlatforms) = preSolution
		Debug|Win32 = Debug|Win32
		Release|Win32 = Release|Win32
	EndGlobalSection
	GlobalSection(ProjectConfigurationPlatforms) = postSolution
		{6142F5B2-6C8D-4B98-A6E2-562E1310E452}.Debug|Win32.ActiveCfg = Debug|Win32
		{6142F5B2-6C8D-4B98-A6E2-562E1310E452}.Debug|Win32.Build.0 = Debug|Win32
		{6142F5B2-6C8D-4B98-A6E2-562E1310E452}.Release|Win32.ActiveCfg = Release|Win32
		{6142F5B2-6C8D-4B98-A6E2-562E1310E452}.Release|Win32.Build.0 = Release|Win32
		{905EA8B6-28C1-4258-BC9B-158C7D8CA37B}.Debug|Win32.ActiveCfg = Debug|Win32
		{905EA8B6-28C1-4258-BC9B-158C7D8CA37B}.Debug|Win32.Build.0 = Debug|Win32
		{905EA8B6-28C1-4258-BC9B-158C7D8CA37B}.Release|Win32.ActiveCfg = Release|Win32
		{905EA8B6-28C1-4258-BC9B-158C7D8CA37B}.Release|Win32.Build.0 = Release|Win32
		{E6207081-A6DE-492E-A7CB-BCF42816FBD5}.Debug|Win32.ActiveCfg = Debug|Win32
		{E6207081-A6DE-492E-A7CB-BCF42816FBD5}.Debug|Win32.Build.0 = Debug|Win32
		{E6207081-A6DE-492E-A7CB-BCF42816FBD5}.Release|Win32.ActiveCfg = Release|Win32
		{E6207081-A6DE-492E-A7CB-BCF42816FBD5}.Release|Win32.Build.0 = Release|Win32
		{A16C8E52-33C0-4507-95BD-DBF063E86095}.Debug|Win32.ActiveCfg = Debug|Win32
		{A16C8E52-33C0-4507-95BD-DBF063E86095}.Debug|Win32.Build.0 = Debug|Win32
		{A16C8E52-33C0-4507-95BD-DBF063E86095}.Release|Win32.ActiveCfg = Release|Win32
		{A16C8E52-33C0-4507-95BD-DBF063E86095}.Release|Win32.Build.0 = Release|Win32
		{9C8ABF66-9772-4E44-9C89-9FBCC687CE2D}.Debug|Win32.ActiveCfg = Debug|Win32
		{9C8ABF66-9772-4E44-9C89-9FBCC687CE2D}.Debug|Win32.Build.0 = Debug|Win32
		{9C8ABF66-9772-4E44-9C89-9FBCC687CE2D}.Release|Win32.ActiveCfg = Release|Win32
		{9C8ABF66-9772-4E44-9C89-9FBCC687CE2D}.Release|Win32.Build.0 = Release|Win32
		{46F19D2F-1B37-4F9D-B834-2B4BEBC25382}.Debug|Win32.ActiveCfg = Debug|Win32
		{46F19D2F-1B37-4F9D-B834-2B4BEBC25382}.Debug|Win32.Build.0 = Debug|Win32
		{46F19D2F-1B37-4F9D-B834-2B4BEBC25382}.Release|Win32.ActiveCfg = Release|Win32
		{46F19D2F-1B37-4F9D-B834-2B4BEBC25382}.Release|Win32.Build.0 = Release|Win32
		{A691B43C-61AA-4314-AB49-FBB5E19413EF}.Debug|Win32.ActiveCfg = Debug|Win32
		{A691B43C-61AA-4314-AB49-FBB5E19413EF}.Debug|Win32.Build.0 = Debug|Win32
		{A691B43C-61AA-4314-AB49-FBB5E19413EF}.Release|Win32.ActiveCfg = Release|Win32
		{A691B43C-61AA-4314-AB49-FBB5E19413EF}.Release|Win32.Build.0 = Release|Win32
		{46C856FD-48A6-41CD-903D-8543497DAEDC}.Debug|Win32.ActiveCfg = Debug|Win32
		{46C856FD-48A6-41CD-903D-8543497DAEDC}.Debug|Win32.Build.0 = Debug|Win32
		{46C856FD-48A6-41CD-903D-8543497DAEDC}.Release|Win32.ActiveCfg = Release|Win32
		{46C856FD-48A6-41CD-903D-8543497DAEDC}.Release|Win32.Build.0 = Release|Win32
		{000C8574-52A3-4367-A491-E9D5C871FC44}.Debug|Win32.ActiveCfg = Debug|Win32
		{000C8574-52A3-4367-A491-E9D5C871FC44}.Debug|Win32.Build.0 = Debug|Win32
		{000C8574-52A3-4367-A491-E9D5C871FC44}.Release|Win32.ActiveCfg = Release|Win32
		{000C8574-52A3-4367-A491-E9D5C871FC44}.Release|Win32.Build.0 = Release|Win32
		{F635B811-AB2E-4012-8842-5D248ADB48A3}.Debug|Win32.ActiveCfg = Debug|Win32
		{F635B811-AB2E-4012-8842-5D248ADB48A3}.Debug|Win32.Build.0 = Debug|Win32
		{F635B811-AB2E-4012-8842-5D248ADB48A3}.Release|Win32.ActiveCfg = Release|Win32
		{F635B811-AB2E-4012-8842-5D248ADB48A3}.Release|Win32.Build.0 = Release|Win32
		{857A7957-8506-45B8-8DD0-A8D9D9DD2FD2}.Debug|Win32.ActiveCfg = Debug|Win32
		{857A7957-8506-45B8-8DD0-A8D9D9DD2FD2}.Debug|Win32.Build.0 = Debug|Win32
		{857A7957-8506-45B8-8DD0-A8D9D9DD2FD2}.Release|Win32.ActiveCfg = Release|Win32
		{857A7957-8506-45B8-8DD0-A8D9D9DD2FD2}.Release|Win32.Build.0 = Release|Win32
	EndGlobalSection
	GlobalSection(SolutionProperties) = preSolution
		HideSolutionNode = FALSE
	EndGlobalSection
	GlobalSection(NestedProjects) = preSolution
		{A691B43C-61AA-4314-AB49-FBB5E19413EF} = {258A772C-67E3-42CD-BB5E-1B3788400E63}
		{46C856FD-48A6-41CD-903D-8543497DAEDC} = {258A772C-67E3-42CD-BB5E-1B3788400E63}
		{000C8574-52A3-4367-A491-E9D5C871FC44} = {258A772C-67E3-42CD-BB5E-1B3788400E63}
		{F635B811-AB2E-4012-8842-5D248ADB48A3} = {258A772C-67E3-42CD-BB5E-1B3788400E63}
		{46F19D2F-1B37-4F9D-B834-2B4BEBC25382} = {258A772C-67E3-42CD-BB5E-1B3788400E63}
		{857A7957-8506-45B8-8DD0-A8D9D9DD2FD2} = {258A772C-67E3-42CD-BB5E-1B3788400E63}
	EndGlobalSection
	GlobalSection(ExtensibilityGlobals) = postSolution
		AMDCaProjectFile = C:\Development\eglsvn\trunk\code\CodeAnalyst\egl.caw
	EndGlobalSection
EndGlobal
